// !$*UTF8*$!
{
	archiveVersion = 1;
	classes = {
	};
	objectVersion = 50;
	objects = {

/* Begin PBXBuildFile section */
		2692E872257F676C002BCF80 /* AppDelegate.swift in Sources */ = {isa = PBXBuildFile; fileRef = 2692E871257F676C002BCF80 /* AppDelegate.swift */; };
		2692E876257F676C002BCF80 /* ViewController.swift in Sources */ = {isa = PBXBuildFile; fileRef = 2692E875257F676C002BCF80 /* ViewController.swift */; };
		2692E879257F676C002BCF80 /* Main.storyboard in Resources */ = {isa = PBXBuildFile; fileRef = 2692E877257F676C002BCF80 /* Main.storyboard */; };
		2692E87B257F676D002BCF80 /* Assets.xcassets in Resources */ = {isa = PBXBuildFile; fileRef = 2692E87A257F676D002BCF80 /* Assets.xcassets */; };
		2692E87E257F676D002BCF80 /* LaunchScreen.storyboard in Resources */ = {isa = PBXBuildFile; fileRef = 2692E87C257F676D002BCF80 /* LaunchScreen.storyboard */; };
		26E3692525B1AFAE003492B2 /* CollectionViewVC.swift in Sources */ = {isa = PBXBuildFile; fileRef = 26E3692425B1AFAE003492B2 /* CollectionViewVC.swift */; };
		26E3692825B1AFB6003492B2 /* ContentCell.swift in Sources */ = {isa = PBXBuildFile; fileRef = 26E3692725B1AFB6003492B2 /* ContentCell.swift */; };
		26E3692B25B1AFCF003492B2 /* XYHelper.swift in Sources */ = {isa = PBXBuildFile; fileRef = 26E3692A25B1AFCF003492B2 /* XYHelper.swift */; };
/* End PBXBuildFile section */

/* Begin PBXFileReference section */
		2692E86E257F676C002BCF80 /* XYPeripheralManager.app */ = {isa = PBXFileReference; explicitFileType = wrapper.application; includeInIndex = 0; path = XYPeripheralManager.app; sourceTree = BUILT_PRODUCTS_DIR; };
		2692E871257F676C002BCF80 /* AppDelegate.swift */ = {isa = PBXFileReference; lastKnownFileType = sourcecode.swift; path = AppDelegate.swift; sourceTree = "<group>"; };
		2692E875257F676C002BCF80 /* ViewController.swift */ = {isa = PBXFileReference; lastKnownFileType = sourcecode.swift; path = ViewController.swift; sourceTree = "<group>"; };
		2692E878257F676C002BCF80 /* Base */ = {isa = PBXFileReference; lastKnownFileType = file.storyboard; name = Base; path = Base.lproj/Main.storyboard; sourceTree = "<group>"; };
		2692E87A257F676D002BCF80 /* Assets.xcassets */ = {isa = PBXFileReference; lastKnownFileType = folder.assetcatalog; path = Assets.xcassets; sourceTree = "<group>"; };
		2692E87D257F676D002BCF80 /* Base */ = {isa = PBXFileReference; lastKnownFileType = file.storyboard; name = Base; path = Base.lproj/LaunchScreen.storyboard; sourceTree = "<group>"; };
		2692E87F257F676D002BCF80 /* Info.plist */ = {isa = PBXFileReference; lastKnownFileType = text.plist.xml; path = Info.plist; sourceTree = "<group>"; };
		26E3692425B1AFAE003492B2 /* CollectionViewVC.swift */ = {isa = PBXFileReference; fileEncoding = 4; lastKnownFileType = sourcecode.swift; path = CollectionViewVC.swift; sourceTree = "<group>"; };
		26E3692725B1AFB6003492B2 /* ContentCell.swift */ = {isa = PBXFileReference; fileEncoding = 4; lastKnownFileType = sourcecode.swift; path = ContentCell.swift; sourceTree = "<group>"; };
		26E3692A25B1AFCF003492B2 /* XYHelper.swift */ = {isa = PBXFileReference; fileEncoding = 4; lastKnownFileType = sourcecode.swift; path = XYHelper.swift; sourceTree = "<group>"; };
/* End PBXFileReference section */

/* Begin PBXFrameworksBuildPhase section */
		2692E86B257F676C002BCF80 /* Frameworks */ = {
			isa = PBXFrameworksBuildPhase;
			buildActionMask = 2147483647;
			files = (
			);
			runOnlyForDeploymentPostprocessing = 0;
		};
/* End PBXFrameworksBuildPhase section */

/* Begin PBXGroup section */
		2692E865257F676C002BCF80 = {
			isa = PBXGroup;
			children = (
				2692E870257F676C002BCF80 /* XYPeripheralManager */,
				2692E86F257F676C002BCF80 /* Products */,
			);
			sourceTree = "<group>";
		};
		2692E86F257F676C002BCF80 /* Products */ = {
			isa = PBXGroup;
			children = (
				2692E86E257F676C002BCF80 /* XYPeripheralManager.app */,
			);
			name = Products;
			sourceTree = "<group>";
		};
		2692E870257F676C002BCF80 /* XYPeripheralManager */ = {
			isa = PBXGroup;
			children = (
				2692E871257F676C002BCF80 /* AppDelegate.swift */,
				26E3692A25B1AFCF003492B2 /* XYHelper.swift */,
				26E3692425B1AFAE003492B2 /* CollectionViewVC.swift */,
				26E3692725B1AFB6003492B2 /* ContentCell.swift */,
				2692E875257F676C002BCF80 /* ViewController.swift */,
				2692E877257F676C002BCF80 /* Main.storyboard */,
				2692E87A257F676D002BCF80 /* Assets.xcassets */,
				2692E87C257F676D002BCF80 /* LaunchScreen.storyboard */,
				2692E87F257F676D002BCF80 /* Info.plist */,
			);
			path = XYPeripheralManager;
			sourceTree = "<group>";
		};
/* End PBXGroup section */

/* Begin PBXNativeTarget section */
		2692E86D257F676C002BCF80 /* XYPeripheralManager */ = {
			isa = PBXNativeTarget;
			buildConfigurationList = 2692E882257F676D002BCF80 /* Build configuration list for PBXNativeTarget "XYPeripheralManager" */;
			buildPhases = (
				2692E86A257F676C002BCF80 /* Sources */,
				2692E86B257F676C002BCF80 /* Frameworks */,
				2692E86C257F676C002BCF80 /* Resources */,
			);
			buildRules = (
			);
			dependencies = (
			);
			name = XYPeripheralManager;
			productName = XYPeripheralManager;
			productReference = 2692E86E257F676C002BCF80 /* XYPeripheralManager.app */;
			productType = "com.apple.product-type.application";
		};
/* End PBXNativeTarget section */

/* Begin PBXProject section */
		2692E866257F676C002BCF80 /* Project object */ = {
			isa = PBXProject;
			attributes = {
				LastSwiftUpdateCheck = 1220;
				LastUpgradeCheck = 1220;
				TargetAttributes = {
					2692E86D257F676C002BCF80 = {
						CreatedOnToolsVersion = 12.2;
					};
				};
			};
			buildConfigurationList = 2692E869257F676C002BCF80 /* Build configuration list for PBXProject "XYPeripheralManager" */;
			compatibilityVersion = "Xcode 9.3";
			developmentRegion = en;
			hasScannedForEncodings = 0;
			knownRegions = (
				en,
				Base,
			);
			mainGroup = 2692E865257F676C002BCF80;
			productRefGroup = 2692E86F257F676C002BCF80 /* Products */;
			projectDirPath = "";
			projectRoot = "";
			targets = (
				2692E86D257F676C002BCF80 /* XYPeripheralManager */,
			);
		};
/* End PBXProject section */

/* Begin PBXResourcesBuildPhase section */
		2692E86C257F676C002BCF80 /* Resources */ = {
			isa = PBXResourcesBuildPhase;
			buildActionMask = 2147483647;
			files = (
				2692E87E257F676D002BCF80 /* LaunchScreen.storyboard in Resources */,
				2692E87B257F676D002BCF80 /* Assets.xcassets in Resources */,
				2692E879257F676C002BCF80 /* Main.storyboard in Resources */,
			);
			runOnlyForDeploymentPostprocessing = 0;
		};
/* End PBXResourcesBuildPhase section */

/* Begin PBXSourcesBuildPhase section */
		2692E86A257F676C002BCF80 /* Sources */ = {
			isa = PBXSourcesBuildPhase;
			buildActionMask = 2147483647;
			files = (
				2692E876257F676C002BCF80 /* ViewController.swift in Sources */,
				26E3692B25B1AFCF003492B2 /* XYHelper.swift in Sources */,
				2692E872257F676C002BCF80 /* AppDelegate.swift in Sources */,
				26E3692525B1AFAE003492B2 /* CollectionViewVC.swift in Sources */,
				26E3692825B1AFB6003492B2 /* ContentCell.swift in Sources */,
			);
			runOnlyForDeploymentPostprocessing = 0;
		};
/* End PBXSourcesBuildPhase section */

/* Begin PBXVariantGroup section */
		2692E877257F676C002BCF80 /* Main.storyboard */ = {
			isa = PBXVariantGroup;
			children = (
				2692E878257F676C002BCF80 /* Base */,
			);
			name = Main.storyboard;
			sourceTree = "<group>";
		};
		2692E87C257F676D002BCF80 /* LaunchScreen.storyboard */ = {
			isa = PBXVariantGroup;
			children = (
				2692E87D257F676D002BCF80 /* Base */,
			);
			name = LaunchScreen.storyboard;
			sourceTree = "<group>";
		};
/* End PBXVariantGroup section */

/* Begin XCBuildConfiguration section */
		2692E880257F676D002BCF80 /* Debug */ = {
			isa = XCBuildConfiguration;
			buildSettings = {
				ALWAYS_SEARCH_USER_PATHS = NO;
				CLANG_ANALYZER_NONNULL = YES;
				CLANG_ANALYZER_NUMBER_OBJECT_CONVERSION = YES_AGGRESSIVE;
				CLANG_CXX_LANGUAGE_STANDARD = "gnu++14";
				CLANG_CXX_LIBRARY = "libc++";
				CLANG_ENABLE_MODULES = YES;
				CLANG_ENABLE_OBJC_ARC = YES;
				CLANG_ENABLE_OBJC_WEAK = YES;
				CLANG_WARN_BLOCK_CAPTURE_AUTORELEASING = YES;
				CLANG_WARN_BOOL_CONVERSION = YES;
				CLANG_WARN_COMMA = YES;
				CLANG_WARN_CONSTANT_CONVERSION = YES;
				CLANG_WARN_DEPRECATED_OBJC_IMPLEMENTATIONS = YES;
				CLANG_WARN_DIRECT_OBJC_ISA_USAGE = YES_ERROR;
				CLANG_WARN_DOCUMENTATION_COMMENTS = YES;
				CLANG_WARN_EMPTY_BODY = YES;
				CLANG_WARN_ENUM_CONVERSION = YES;
				CLANG_WARN_INFINITE_RECURSION = YES;
				CLANG_WARN_INT_CONVERSION = YES;
				CLANG_WARN_NON_LITERAL_NULL_CONVERSION = YES;
				CLANG_WARN_OBJC_IMPLICIT_RETAIN_SELF = YES;
				CLANG_WARN_OBJC_LITERAL_CONVERSION = YES;
				CLANG_WARN_OBJC_ROOT_CLASS = YES_ERROR;
				CLANG_WARN_QUOTED_INCLUDE_IN_FRAMEWORK_HEADER = YES;
				CLANG_WARN_RANGE_LOOP_ANALYSIS = YES;
				CLANG_WARN_STRICT_PROTOTYPES = YES;
				CLANG_WARN_SUSPICIOUS_MOVE = YES;
				CLANG_WARN_UNGUARDED_AVAILABILITY = YES_AGGRESSIVE;
				CLANG_WARN_UNREACHABLE_CODE = YES;
				CLANG_WARN__DUPLICATE_METHOD_MATCH = YES;
				COPY_PHASE_STRIP = NO;
				DEBUG_INFORMATION_FORMAT = dwarf;
				ENABLE_STRICT_OBJC_MSGSEND = YES;
				ENABLE_TESTABILITY = YES;
				GCC_C_LANGUAGE_STANDARD = gnu11;
				GCC_DYNAMIC_NO_PIC = NO;
				GCC_NO_COMMON_BLOCKS = YES;
				GCC_OPTIMIZATION_LEVEL = 0;
				GCC_PREPROCESSOR_DEFINITIONS = (
					"DEBUG=1",
					"$(inherited)",
				);
				GCC_WARN_64_TO_32_BIT_CONVERSION = YES;
				GCC_WARN_ABOUT_RETURN_TYPE = YES_ERROR;
				GCC_WARN_UNDECLARED_SELECTOR = YES;
				GCC_WARN_UNINITIALIZED_AUTOS = YES_AGGRESSIVE;
				GCC_WARN_UNUSED_FUNCTION = YES;
				GCC_WARN_UNUSED_VARIABLE = YES;
				IPHONEOS_DEPLOYMENT_TARGET = 14.2;
				MTL_ENABLE_DEBUG_INFO = INCLUDE_SOURCE;
				MTL_FAST_MATH = YES;
				ONLY_ACTIVE_ARCH = YES;
				SDKROOT = iphoneos;
				SWIFT_ACTIVE_COMPILATION_CONDITIONS = DEBUG;
				SWIFT_OPTIMIZATION_LEVEL = "-Onone";
			};
			name = Debug;
		};
		2692E881257F676D002BCF80 /* Release */ = {
			isa = XCBuildConfiguration;
			buildSettings = {
				ALWAYS_SEARCH_USER_PATHS = NO;
				CLANG_ANALYZER_NONNULL = YES;
				CLANG_ANALYZER_NUMBER_OBJECT_CONVERSION = YES_AGGRESSIVE;
				CLANG_CXX_LANGUAGE_STANDARD = "gnu++14";
				CLANG_CXX_LIBRARY = "libc++";
				CLANG_ENABLE_MODULES = YES;
				CLANG_ENABLE_OBJC_ARC = YES;
				CLANG_ENABLE_OBJC_WEAK = YES;
				CLANG_WARN_BLOCK_CAPTURE_AUTORELEASING = YES;
				CLANG_WARN_BOOL_CONVERSION = YES;
				CLANG_WARN_COMMA = YES;
				CLANG_WARN_CONSTANT_CONVERSION = YES;
				CLANG_WARN_DEPRECATED_OBJC_IMPLEMENTATIONS = YES;
				CLANG_WARN_DIRECT_OBJC_ISA_USAGE = YES_ERROR;
				CLANG_WARN_DOCUMENTATION_COMMENTS = YES;
				CLANG_WARN_EMPTY_BODY = YES;
				CLANG_WARN_ENUM_CONVERSION = YES;
				CLANG_WARN_INFINITE_RECURSION = YES;
				CLANG_WARN_INT_CONVERSION = YES;
				CLANG_WARN_NON_LITERAL_NULL_CONVERSION = YES;
				CLANG_WARN_OBJC_IMPLICIT_RETAIN_SELF = YES;
				CLANG_WARN_OBJC_LITERAL_CONVERSION = YES;
				CLANG_WARN_OBJC_ROOT_CLASS = YES_ERROR;
				CLANG_WARN_QUOTED_INCLUDE_IN_FRAMEWORK_HEADER = YES;
				CLANG_WARN_RANGE_LOOP_ANALYSIS = YES;
				CLANG_WARN_STRICT_PROTOTYPES = YES;
				CLANG_WARN_SUSPICIOUS_MOVE = YES;
				CLANG_WARN_UNGUARDED_AVAILABILITY = YES_AGGRESSIVE;
				CLANG_WARN_UNREACHABLE_CODE = YES;
				CLANG_WARN__DUPLICATE_METHOD_MATCH = YES;
				COPY_PHASE_STRIP = NO;
				DEBUG_INFORMATION_FORMAT = "dwarf-with-dsym";
				ENABLE_NS_ASSERTIONS = NO;
				ENABLE_STRICT_OBJC_MSGSEND = YES;
				GCC_C_LANGUAGE_STANDARD = gnu11;
				GCC_NO_COMMON_BLOCKS = YES;
				GCC_WARN_64_TO_32_BIT_CONVERSION = YES;
				GCC_WARN_ABOUT_RETURN_TYPE = YES_ERROR;
				GCC_WARN_UNDECLARED_SELECTOR = YES;
				GCC_WARN_UNINITIALIZED_AUTOS = YES_AGGRESSIVE;
				GCC_WARN_UNUSED_FUNCTION = YES;
				GCC_WARN_UNUSED_VARIABLE = YES;
				IPHONEOS_DEPLOYMENT_TARGET = 14.2;
				MTL_ENABLE_DEBUG_INFO = NO;
				MTL_FAST_MATH = YES;
				SDKROOT = iphoneos;
				SWIFT_COMPILATION_MODE = wholemodule;
				SWIFT_OPTIMIZATION_LEVEL = "-O";
				VALIDATE_PRODUCT = YES;
			};
			name = Release;
		};
		2692E883257F676D002BCF80 /* Debug */ = {
			isa = XCBuildConfiguration;
			buildSettings = {
				ASSETCATALOG_COMPILER_APPICON_NAME = AppIcon;
				ASSETCATALOG_COMPILER_GLOBAL_ACCENT_COLOR_NAME = AccentColor;
				CODE_SIGN_STYLE = Automatic;
				DEVELOPMENT_TEAM = 2Z25X65TZP;
				INFOPLIST_FILE = XYPeripheralManager/Info.plist;
				IPHONEOS_DEPLOYMENT_TARGET = 12.0;
				LD_RUNPATH_SEARCH_PATHS = (
					"$(inherited)",
					"@executable_path/Frameworks",
				);
				PRODUCT_BUNDLE_IDENTIFIER = "-1.XYPeripheralManager";
				PRODUCT_NAME = "$(TARGET_NAME)";
				SWIFT_VERSION = 5.0;
				TARGETED_DEVICE_FAMILY = "1,2";
			};
			name = Debug;
		};
		2692E884257F676D002BCF80 /* Release */ = {
			isa = XCBuildConfiguration;
			buildSettings = {
				ASSETCATALOG_COMPILER_APPICON_NAME = AppIcon;
				ASSETCATALOG_COMPILER_GLOBAL_ACCENT_COLOR_NAME = AccentColor;
				CODE_SIGN_STYLE = Automatic;
				DEVELOPMENT_TEAM = 2Z25X65TZP;
				INFOPLIST_FILE = XYPeripheralManager/Info.plist;
				IPHONEOS_DEPLOYMENT_TARGET = 12.0;
				LD_RUNPATH_SEARCH_PATHS = (
					"$(inherited)",
					"@executable_path/Frameworks",
				);
				PRODUCT_BUNDLE_IDENTIFIER = "-1.XYPeripheralManager";
				PRODUCT_NAME = "$(TARGET_NAME)";
				SWIFT_VERSION = 5.0;
				TARGETED_DEVICE_FAMILY = "1,2";
			};
			name = Release;
		};
/* End XCBuildConfiguration section */

/* Begin XCConfigurationList section */
		2692E869257F676C002BCF80 /* Build configuration list for PBXProject "XYPeripheralManager" */ = {
			isa = XCConfigurationList;
			buildConfigurations = (
				2692E880257F676D002BCF80 /* Debug */,
				2692E881257F676D002BCF80 /* Release */,
			);
			defaultConfigurationIsVisible = 0;
			defaultConfigurationName = Release;
		};
		2692E882257F676D002BCF80 /* Build configuration list for PBXNativeTarget "XYPeripheralManager" */ = {
			isa = XCConfigurationList;
			buildConfigurations = (
				2692E883257F676D002BCF80 /* Debug */,
				2692E884257F676D002BCF80 /* Release */,
			);
			defaultConfigurationIsVisible = 0;
			defaultConfigurationName = Release;
		};
/* End XCConfigurationList section */
	};
	rootObject = 2692E866257F676C002BCF80 /* Project object */;
}
